<?xml version="1.0" encoding="utf-8"?>
<Project ToolsVersion="4.0" xmlns="http://schemas.microsoft.com/developer/msbuild/2003">
  <ItemGroup>
    <Filter Include="源文件">
      <UniqueIdentifier>{4FC737F1-C7A5-4376-A066-2A32D752A2FF}</UniqueIdentifier>
      <Extensions>cpp;c;cc;cxx;c++;cppm;ixx;def;odl;idl;hpj;bat;asm;asmx</Extensions>
    </Filter>
    <Filter Include="头文件">
      <UniqueIdentifier>{93995380-89BD-4b04-88EB-625FBE52EBFB}</UniqueIdentifier>
      <Extensions>h;hh;hpp;hxx;h++;hm;inl;inc;ipp;xsd</Extensions>
    </Filter>
    <Filter Include="container">
      <UniqueIdentifier>{1df06772-dc57-4040-abd6-d51bfad5cb93}</UniqueIdentifier>
    </Filter>
    <Filter Include="template">
      <UniqueIdentifier>{9389e71d-f3fb-467b-a038-90edbe3bf277}</UniqueIdentifier>
    </Filter>
    <Filter Include="operatorOp">
      <UniqueIdentifier>{00bfab61-791a-4ac1-b6b9-a45f1aa3b5dd}</UniqueIdentifier>
    </Filter>
  </ItemGroup>
  <ItemGroup>
    <ClCompile Include="test.cpp">
      <Filter>源文件</Filter>
    </ClCompile>
    <ClCompile Include="container\ContainerBase.cpp">
      <Filter>container</Filter>
    </ClCompile>
    <ClCompile Include="container\ContainerString.cpp">
      <Filter>container</Filter>
    </ClCompile>
    <ClCompile Include="container\ContainerVector.cpp">
      <Filter>container</Filter>
    </ClCompile>
    <ClCompile Include="container\ContainerTest.cpp">
      <Filter>container</Filter>
    </ClCompile>
    <ClCompile Include="container\ContainerDeque.cpp">
      <Filter>container</Filter>
    </ClCompile>
    <ClCompile Include="container\ContainerList.cpp">
      <Filter>container</Filter>
    </ClCompile>
    <ClCompile Include="container\ContainerStack.cpp">
      <Filter>container</Filter>
    </ClCompile>
    <ClCompile Include="container\ContainerQueue.cpp">
      <Filter>container</Filter>
    </ClCompile>
    <ClCompile Include="container\ContainerSet.cpp">
      <Filter>container</Filter>
    </ClCompile>
    <ClCompile Include="container\ContainerMap.cpp">
      <Filter>container</Filter>
    </ClCompile>
    <ClCompile Include="cppTemplate\templateBase.cpp">
      <Filter>template</Filter>
    </ClCompile>
    <ClCompile Include="cppTemplate\templateClass.cpp">
      <Filter>template</Filter>
    </ClCompile>
    <ClCompile Include="cppTemplate\TemplateFunction.cpp">
      <Filter>template</Filter>
    </ClCompile>
    <ClCompile Include="operatorOp\arithmetic.cpp">
      <Filter>operatorOp</Filter>
    </ClCompile>
    <ClCompile Include="operatorOp\testOperator.cpp">
      <Filter>operatorOp</Filter>
    </ClCompile>
    <ClCompile Include="operatorOp\leftShift.cpp">
      <Filter>operatorOp</Filter>
    </ClCompile>
    <ClCompile Include="operatorOp\increase.cpp">
      <Filter>operatorOp</Filter>
    </ClCompile>
    <ClCompile Include="operatorOp\equalOp.cpp">
      <Filter>operatorOp</Filter>
    </ClCompile>
    <ClCompile Include="operatorOp\relationalOp.cpp">
      <Filter>operatorOp</Filter>
    </ClCompile>
    <ClCompile Include="operatorOp\funCallOp.cpp">
      <Filter>operatorOp</Filter>
    </ClCompile>
  </ItemGroup>
  <ItemGroup>
    <ClInclude Include="container\ContainerBase.h">
      <Filter>container</Filter>
    </ClInclude>
    <ClInclude Include="container\ContainerString.h">
      <Filter>container</Filter>
    </ClInclude>
    <ClInclude Include="container\ContainerVector.h">
      <Filter>container</Filter>
    </ClInclude>
    <ClInclude Include="container\ContainerTest.h">
      <Filter>container</Filter>
    </ClInclude>
    <ClInclude Include="container\ContainerDeque.h">
      <Filter>container</Filter>
    </ClInclude>
    <ClInclude Include="container\ContainerList.h">
      <Filter>container</Filter>
    </ClInclude>
    <ClInclude Include="container\ContainerStack.h">
      <Filter>container</Filter>
    </ClInclude>
    <ClInclude Include="container\ContainerQueue.h">
      <Filter>container</Filter>
    </ClInclude>
    <ClInclude Include="container\ContainerSet.h">
      <Filter>container</Filter>
    </ClInclude>
    <ClInclude Include="container\ContainerMap.h">
      <Filter>container</Filter>
    </ClInclude>
    <ClInclude Include="cppTemplate\templateBase.h">
      <Filter>template</Filter>
    </ClInclude>
    <ClInclude Include="operatorOp\testOperator.h">
      <Filter>operatorOp</Filter>
    </ClInclude>
  </ItemGroup>
</Project>